
Microsoft Visual Studio Solution File, Format Version 12.00
Project("{FAE04EC0-301F-11D3-BF4B-00C04F79EFBC}") = "AdventOfCode2019", "AdventOfCode2019\AdventOfCode2019.csproj", "{220CC9E8-106C-411F-A607-9A306CD58807}"
EndProject
Project("{FAE04EC0-301F-11D3-BF4B-00C04F79EFBC}") = "AdventOfCode2019Test", "AdventOfCode2019Test\AdventOfCode2019Test.csproj", "{D76310A2-8474-4465-9F48-CB6AD593836E}"
EndProject
Global
	GlobalSection(SolutionConfigurationPlatforms) = preSolution
		Debug|Any CPU = Debug|Any CPU
		Release|Any CPU = Release|Any CPU
	EndGlobalSection
	GlobalSection(ProjectConfigurationPlatforms) = postSolution
		{220CC9E8-106C-411F-A607-9A306CD58807}.Debug|Any CPU.ActiveCfg = Debug|Any CPU
		{220CC9E8-106C-411F-A607-9A306CD58807}.Debug|Any CPU.Build.0 = Debug|Any CPU
		{220CC9E8-106C-411F-A607-9A306CD58807}.Release|Any CPU.ActiveCfg = Release|Any CPU
		{220CC9E8-106C-411F-A607-9A306CD58807}.Release|Any CPU.Build.0 = Release|Any CPU
		{D76310A2-8474-4465-9F48-CB6AD593836E}.Debug|Any CPU.ActiveCfg = Debug|Any CPU
		{D76310A2-8474-4465-9F48-CB6AD593836E}.Debug|Any CPU.Build.0 = Debug|Any CPU
		{D76310A2-8474-4465-9F48-CB6AD593836E}.Release|Any CPU.ActiveCfg = Release|Any CPU
		{D76310A2-8474-4465-9F48-CB6AD593836E}.Release|Any CPU.Build.0 = Release|Any CPU
	EndGlobalSection
EndGlobal
